
Microsoft Visual Studio Solution File, Format Version 12.00
# Visual Studio Version 18
VisualStudioVersion = 18.3.11520.95 d18.3
MinimumVisualStudioVersion = 10.0.40219.1
Project("{9A19103F-16F7-4668-BE54-9A1E7A4F7556}") = "CloudPub.Client", "CloudPub.Client\CloudPub.Client.csproj", "{F6037F65-2554-4AAE-8332-B96EEE874D4F}"
EndProject
Project("{9A19103F-16F7-4668-BE54-9A1E7A4F7556}") = "CloudPub.Example", "CloudPub.Example\CloudPub.Example.csproj", "{C3A33220-1015-4669-90DA-0DAB08D45DD4}"
EndProject
Project("{FAE04EC0-301F-11D3-BF4B-00C04F79EFBC}") = "CloudPub.AspNet", "CloudPub.AspNet\CloudPub.AspNet.csproj", "{3A29299A-639C-4C2D-942D-BFCB77FB7FC5}"
EndProject
Global
	GlobalSection(SolutionConfigurationPlatforms) = preSolution
		Debug|Any CPU = Debug|Any CPU
		Release|Any CPU = Release|Any CPU
	EndGlobalSection
	GlobalSection(ProjectConfigurationPlatforms) = postSolution
		{F6037F65-2554-4AAE-8332-B96EEE874D4F}.Debug|Any CPU.ActiveCfg = Debug|Any CPU
		{F6037F65-2554-4AAE-8332-B96EEE874D4F}.Debug|Any CPU.Build.0 = Debug|Any CPU
		{F6037F65-2554-4AAE-8332-B96EEE874D4F}.Release|Any CPU.ActiveCfg = Release|Any CPU
		{F6037F65-2554-4AAE-8332-B96EEE874D4F}.Release|Any CPU.Build.0 = Release|Any CPU
		{C3A33220-1015-4669-90DA-0DAB08D45DD4}.Debug|Any CPU.ActiveCfg = Debug|Any CPU
		{C3A33220-1015-4669-90DA-0DAB08D45DD4}.Debug|Any CPU.Build.0 = Debug|Any CPU
		{C3A33220-1015-4669-90DA-0DAB08D45DD4}.Release|Any CPU.ActiveCfg = Release|Any CPU
		{C3A33220-1015-4669-90DA-0DAB08D45DD4}.Release|Any CPU.Build.0 = Release|Any CPU
		{3A29299A-639C-4C2D-942D-BFCB77FB7FC5}.Debug|Any CPU.ActiveCfg = Debug|Any CPU
		{3A29299A-639C-4C2D-942D-BFCB77FB7FC5}.Debug|Any CPU.Build.0 = Debug|Any CPU
		{3A29299A-639C-4C2D-942D-BFCB77FB7FC5}.Release|Any CPU.ActiveCfg = Release|Any CPU
		{3A29299A-639C-4C2D-942D-BFCB77FB7FC5}.Release|Any CPU.Build.0 = Release|Any CPU
	EndGlobalSection
	GlobalSection(SolutionProperties) = preSolution
		HideSolutionNode = FALSE
	EndGlobalSection
	GlobalSection(ExtensibilityGlobals) = postSolution
		SolutionGuid = {403FBCF0-99C0-4F20-9EB6-3DEF1DC7240B}
	EndGlobalSection
EndGlobal
